Microsoft Visual Studio Solution File, Format Version 11.00
# Visual Studio 2008

Project("{A1F7FAE7-7F94-FBF4-A2AE-4977343EEC2E}") = "Games2-master", "Assembly-CSharp.csproj", "{5359554D-201B-FBDB-DC39-3A08F1663C26}"
EndProject
Global
	GlobalSection(SolutionConfigurationPlatforms) = preSolution
		Debug|Any CPU = Debug|Any CPU
		Release|Any CPU = Release|Any CPU
	EndGlobalSection
	GlobalSection(ProjectConfigurationPlatforms) = postSolution
		{5359554D-201B-FBDB-DC39-3A08F1663C26}.Debug|Any CPU.ActiveCfg = Debug|Any CPU
		{5359554D-201B-FBDB-DC39-3A08F1663C26}.Debug|Any CPU.Build.0 = Debug|Any CPU
		{5359554D-201B-FBDB-DC39-3A08F1663C26}.Release|Any CPU.ActiveCfg = Release|Any CPU
		{5359554D-201B-FBDB-DC39-3A08F1663C26}.Release|Any CPU.Build.0 = Release|Any CPU
	EndGlobalSection
	GlobalSection(SolutionProperties) = preSolution
		HideSolutionNode = FALSE
	EndGlobalSection
	GlobalSection(MonoDevelopProperties) = preSolution
		StartupItem = Assembly-CSharp.csproj
	EndGlobalSection
EndGlobal
