Microsoft Visual Studio Solution File, Format Version 11.00
# Visual Studio 2008

Project("{446FAF02-AA60-7EB9-66A8-D3EAB8AE9A73}") = "Oculus Rift", "Assembly-CSharp.csproj", "{55FF6055-9E43-1609-93AB-3A6A14951015}"
EndProject
Global
	GlobalSection(SolutionConfigurationPlatforms) = preSolution
		Debug|Any CPU = Debug|Any CPU
		Release|Any CPU = Release|Any CPU
	EndGlobalSection
	GlobalSection(ProjectConfigurationPlatforms) = postSolution
		{55FF6055-9E43-1609-93AB-3A6A14951015}.Debug|Any CPU.ActiveCfg = Debug|Any CPU
		{55FF6055-9E43-1609-93AB-3A6A14951015}.Debug|Any CPU.Build.0 = Debug|Any CPU
		{55FF6055-9E43-1609-93AB-3A6A14951015}.Release|Any CPU.ActiveCfg = Release|Any CPU
		{55FF6055-9E43-1609-93AB-3A6A14951015}.Release|Any CPU.Build.0 = Release|Any CPU
	EndGlobalSection
	GlobalSection(SolutionProperties) = preSolution
		HideSolutionNode = FALSE
	EndGlobalSection
	GlobalSection(MonoDevelopProperties) = preSolution
		StartupItem = Assembly-CSharp.csproj
	EndGlobalSection
EndGlobal
